{
  "name": "disporaapp",
  "lockfileVersion": 2,
  "requires": true,
  "packages": {
    "": {
      "dependencies": {
        "angular-datatables": "^15.0.1"
      }
    },
    "node_modules/angular-datatables": {
      "version": "15.0.1",
      "resolved": "https://registry.npmjs.org/angular-datatables/-/angular-datatables-15.0.1.tgz",
      "integrity": "sha512-dNck9aEDj9p7EzwtGfwOVS4s09f7gecgCfyPd/vwqoFVmPh5Lkb0gKofWZbaxSAx+TgU5VQhxOCdxOZh0kkIEw=="
    }
  },
  "dependencies": {
    "angular-datatables": {
      "version": "15.0.1",
      "resolved": "https://registry.npmjs.org/angular-datatables/-/angular-datatables-15.0.1.tgz",
      "integrity": "sha512-dNck9aEDj9p7EzwtGfwOVS4s09f7gecgCfyPd/vwqoFVmPh5Lkb0gKofWZbaxSAx+TgU5VQhxOCdxOZh0kkIEw=="
    }
  }
}
